
Microsoft Visual Studio Solution File, Format Version 12.00
# Visual Studio Version 16
VisualStudioVersion = 16.0.34114.132
MinimumVisualStudioVersion = 10.0.40219.1
Project("{FAE04EC0-301F-11D3-BF4B-00C04F79EFBC}") = "Hotel11", "Hotel11\Hotel11.csproj", "{F88111AC-41A8-41F2-9A45-7A17BCD31B36}"
EndProject
Global
	GlobalSection(SolutionConfigurationPlatforms) = preSolution
		Debug|Any CPU = Debug|Any CPU
		Release|Any CPU = Release|Any CPU
	EndGlobalSection
	GlobalSection(ProjectConfigurationPlatforms) = postSolution
		{F88111AC-41A8-41F2-9A45-7A17BCD31B36}.Debug|Any CPU.ActiveCfg = Debug|Any CPU
		{F88111AC-41A8-41F2-9A45-7A17BCD31B36}.Debug|Any CPU.Build.0 = Debug|Any CPU
		{F88111AC-41A8-41F2-9A45-7A17BCD31B36}.Release|Any CPU.ActiveCfg = Release|Any CPU
		{F88111AC-41A8-41F2-9A45-7A17BCD31B36}.Release|Any CPU.Build.0 = Release|Any CPU
	EndGlobalSection
	GlobalSection(SolutionProperties) = preSolution
		HideSolutionNode = FALSE
	EndGlobalSection
	GlobalSection(ExtensibilityGlobals) = postSolution
		SolutionGuid = {895F793E-5213-4DB5-AC59-E1B25E056457}
	EndGlobalSection
EndGlobal
